// !$*UTF8*$!
{
	archiveVersion = 1;
	classes = {
	};
	objectVersion = 51;
	objects = {

/* Begin PBXBuildFile section */
		7C64344125926BAF00DE1AC8 /* AppDelegate.swift in Sources */ = {isa = PBXBuildFile; fileRef = 7C64344025926BAF00DE1AC8 /* AppDelegate.swift */; };
		7C64344325926BAF00DE1AC8 /* ContentView.swift in Sources */ = {isa = PBXBuildFile; fileRef = 7C64344225926BAF00DE1AC8 /* ContentView.swift */; };
		7C64344525926BB000DE1AC8 /* Assets.xcassets in Resources */ = {isa = PBXBuildFile; fileRef = 7C64344425926BB000DE1AC8 /* Assets.xcassets */; };
		7C64344825926BB000DE1AC8 /* Preview Assets.xcassets in Resources */ = {isa = PBXBuildFile; fileRef = 7C64344725926BB000DE1AC8 /* Preview Assets.xcassets */; };
		7C64344B25926BB000DE1AC8 /* Main.storyboard in Resources */ = {isa = PBXBuildFile; fileRef = 7C64344925926BB000DE1AC8 /* Main.storyboard */; };
		7C64345925926C5500DE1AC8 /* SMTPServer.swift in Sources */ = {isa = PBXBuildFile; fileRef = 7C64345825926C5500DE1AC8 /* SMTPServer.swift */; };
		7C64345D2592706F00DE1AC8 /* Binding-OnChange.swift in Sources */ = {isa = PBXBuildFile; fileRef = 7C64345C2592706F00DE1AC8 /* Binding-OnChange.swift */; };
		7C643462259270CB00DE1AC8 /* Servers.swift in Sources */ = {isa = PBXBuildFile; fileRef = 7C643461259270CB00DE1AC8 /* Servers.swift */; };
		AF5CD03E83F16AD89E3DC0FA /* Pods_Stumpy.framework in Frameworks */ = {isa = PBXBuildFile; fileRef = AA739C998EDC305315886D47 /* Pods_Stumpy.framework */; };
/* End PBXBuildFile section */

/* Begin PBXFileReference section */
		7C64343D25926BAF00DE1AC8 /* Stumpy.app */ = {isa = PBXFileReference; explicitFileType = wrapper.application; includeInIndex = 0; path = Stumpy.app; sourceTree = BUILT_PRODUCTS_DIR; };
		7C64344025926BAF00DE1AC8 /* AppDelegate.swift */ = {isa = PBXFileReference; lastKnownFileType = sourcecode.swift; path = AppDelegate.swift; sourceTree = "<group>"; };
		7C64344225926BAF00DE1AC8 /* ContentView.swift */ = {isa = PBXFileReference; lastKnownFileType = sourcecode.swift; path = ContentView.swift; sourceTree = "<group>"; };
		7C64344425926BB000DE1AC8 /* Assets.xcassets */ = {isa = PBXFileReference; lastKnownFileType = folder.assetcatalog; path = Assets.xcassets; sourceTree = "<group>"; };
		7C64344725926BB000DE1AC8 /* Preview Assets.xcassets */ = {isa = PBXFileReference; lastKnownFileType = folder.assetcatalog; path = "Preview Assets.xcassets"; sourceTree = "<group>"; };
		7C64344A25926BB000DE1AC8 /* Base */ = {isa = PBXFileReference; lastKnownFileType = file.storyboard; name = Base; path = Base.lproj/Main.storyboard; sourceTree = "<group>"; };
		7C64344C25926BB000DE1AC8 /* Info.plist */ = {isa = PBXFileReference; lastKnownFileType = text.plist.xml; path = Info.plist; sourceTree = "<group>"; };
		7C64344D25926BB000DE1AC8 /* Stumpy.entitlements */ = {isa = PBXFileReference; lastKnownFileType = text.plist.entitlements; path = Stumpy.entitlements; sourceTree = "<group>"; };
		7C64345825926C5500DE1AC8 /* SMTPServer.swift */ = {isa = PBXFileReference; fileEncoding = 4; lastKnownFileType = sourcecode.swift; path = SMTPServer.swift; sourceTree = "<group>"; };
		7C64345C2592706F00DE1AC8 /* Binding-OnChange.swift */ = {isa = PBXFileReference; lastKnownFileType = sourcecode.swift; path = "Binding-OnChange.swift"; sourceTree = "<group>"; };
		7C643461259270CB00DE1AC8 /* Servers.swift */ = {isa = PBXFileReference; lastKnownFileType = sourcecode.swift; path = Servers.swift; sourceTree = "<group>"; };
		9279E744073CE98A15A5519A /* Pods-Stumpy.debug.xcconfig */ = {isa = PBXFileReference; includeInIndex = 1; lastKnownFileType = text.xcconfig; name = "Pods-Stumpy.debug.xcconfig"; path = "Target Support Files/Pods-Stumpy/Pods-Stumpy.debug.xcconfig"; sourceTree = "<group>"; };
		A3C30BF5BE7A20ED3E54B478 /* Pods-Stumpy.release.xcconfig */ = {isa = PBXFileReference; includeInIndex = 1; lastKnownFileType = text.xcconfig; name = "Pods-Stumpy.release.xcconfig"; path = "Target Support Files/Pods-Stumpy/Pods-Stumpy.release.xcconfig"; sourceTree = "<group>"; };
		AA739C998EDC305315886D47 /* Pods_Stumpy.framework */ = {isa = PBXFileReference; explicitFileType = wrapper.framework; includeInIndex = 0; path = Pods_Stumpy.framework; sourceTree = BUILT_PRODUCTS_DIR; };
/* End PBXFileReference section */

/* Begin PBXFrameworksBuildPhase section */
		7C64343A25926BAF00DE1AC8 /* Frameworks */ = {
			isa = PBXFrameworksBuildPhase;
			buildActionMask = 2147483647;
			files = (
				AF5CD03E83F16AD89E3DC0FA /* Pods_Stumpy.framework in Frameworks */,
			);
			runOnlyForDeploymentPostprocessing = 0;
		};
/* End PBXFrameworksBuildPhase section */

/* Begin PBXGroup section */
		7C64343425926BAF00DE1AC8 = {
			isa = PBXGroup;
			children = (
				7C64343F25926BAF00DE1AC8 /* Stumpy */,
				7C64343E25926BAF00DE1AC8 /* Products */,
				F98B171F2A83DB90C93F56D6 /* Pods */,
				81DC77A80D7077D3D0AE955A /* Frameworks */,
			);
			sourceTree = "<group>";
		};
		7C64343E25926BAF00DE1AC8 /* Products */ = {
			isa = PBXGroup;
			children = (
				7C64343D25926BAF00DE1AC8 /* Stumpy.app */,
			);
			name = Products;
			sourceTree = "<group>";
		};
		7C64343F25926BAF00DE1AC8 /* Stumpy */ = {
			isa = PBXGroup;
			children = (
				7C6434602592707F00DE1AC8 /* Extensions */,
				7C64345B25926CE700DE1AC8 /* Views */,
				7C64344025926BAF00DE1AC8 /* AppDelegate.swift */,
				7C64345825926C5500DE1AC8 /* SMTPServer.swift */,
				7C643461259270CB00DE1AC8 /* Servers.swift */,
				7C64344425926BB000DE1AC8 /* Assets.xcassets */,
				7C64344925926BB000DE1AC8 /* Main.storyboard */,
				7C64344C25926BB000DE1AC8 /* Info.plist */,
				7C64344D25926BB000DE1AC8 /* Stumpy.entitlements */,
				7C64344625926BB000DE1AC8 /* Preview Content */,
			);
			path = Stumpy;
			sourceTree = "<group>";
		};
		7C64344625926BB000DE1AC8 /* Preview Content */ = {
			isa = PBXGroup;
			children = (
				7C64344725926BB000DE1AC8 /* Preview Assets.xcassets */,
			);
			path = "Preview Content";
			sourceTree = "<group>";
		};
		7C64345B25926CE700DE1AC8 /* Views */ = {
			isa = PBXGroup;
			children = (
				7C64344225926BAF00DE1AC8 /* ContentView.swift */,
			);
			path = Views;
			sourceTree = "<group>";
		};
		7C6434602592707F00DE1AC8 /* Extensions */ = {
			isa = PBXGroup;
			children = (
				7C64345C2592706F00DE1AC8 /* Binding-OnChange.swift */,
			);
			path = Extensions;
			sourceTree = "<group>";
		};
		81DC77A80D7077D3D0AE955A /* Frameworks */ = {
			isa = PBXGroup;
			children = (
				AA739C998EDC305315886D47 /* Pods_Stumpy.framework */,
			);
			name = Frameworks;
			sourceTree = "<group>";
		};
		F98B171F2A83DB90C93F56D6 /* Pods */ = {
			isa = PBXGroup;
			children = (
				9279E744073CE98A15A5519A /* Pods-Stumpy.debug.xcconfig */,
				A3C30BF5BE7A20ED3E54B478 /* Pods-Stumpy.release.xcconfig */,
			);
			path = Pods;
			sourceTree = "<group>";
		};
/* End PBXGroup section */

/* Begin PBXNativeTarget section */
		7C64343C25926BAF00DE1AC8 /* Stumpy */ = {
			isa = PBXNativeTarget;
			buildConfigurationList = 7C64345025926BB000DE1AC8 /* Build configuration list for PBXNativeTarget "Stumpy" */;
			buildPhases = (
				BF2E2459C9E97BB9E83A0D61 /* [CP] Check Pods Manifest.lock */,
				7C64343925926BAF00DE1AC8 /* Sources */,
				7C64343A25926BAF00DE1AC8 /* Frameworks */,
				7C64343B25926BAF00DE1AC8 /* Resources */,
				BE23DB2236807DCDF86A4EA7 /* [CP] Embed Pods Frameworks */,
			);
			buildRules = (
			);
			dependencies = (
			);
			name = Stumpy;
			productName = Stumpy;
			productReference = 7C64343D25926BAF00DE1AC8 /* Stumpy.app */;
			productType = "com.apple.product-type.application";
		};
/* End PBXNativeTarget section */

/* Begin PBXProject section */
		7C64343525926BAF00DE1AC8 /* Project object */ = {
			isa = PBXProject;
			attributes = {
				LastSwiftUpdateCheck = 1230;
				LastUpgradeCheck = 1230;
				TargetAttributes = {
					7C64343C25926BAF00DE1AC8 = {
						CreatedOnToolsVersion = 12.3;
					};
				};
			};
			buildConfigurationList = 7C64343825926BAF00DE1AC8 /* Build configuration list for PBXProject "Stumpy" */;
			compatibilityVersion = "Xcode 9.3";
			developmentRegion = en;
			hasScannedForEncodings = 0;
			knownRegions = (
				en,
				Base,
			);
			mainGroup = 7C64343425926BAF00DE1AC8;
			productRefGroup = 7C64343E25926BAF00DE1AC8 /* Products */;
			projectDirPath = "";
			projectRoot = "";
			targets = (
				7C64343C25926BAF00DE1AC8 /* Stumpy */,
			);
		};
/* End PBXProject section */

/* Begin PBXResourcesBuildPhase section */
		7C64343B25926BAF00DE1AC8 /* Resources */ = {
			isa = PBXResourcesBuildPhase;
			buildActionMask = 2147483647;
			files = (
				7C64344B25926BB000DE1AC8 /* Main.storyboard in Resources */,
				7C64344825926BB000DE1AC8 /* Preview Assets.xcassets in Resources */,
				7C64344525926BB000DE1AC8 /* Assets.xcassets in Resources */,
			);
			runOnlyForDeploymentPostprocessing = 0;
		};
/* End PBXResourcesBuildPhase section */

/* Begin PBXShellScriptBuildPhase section */
		BE23DB2236807DCDF86A4EA7 /* [CP] Embed Pods Frameworks */ = {
			isa = PBXShellScriptBuildPhase;
			buildActionMask = 2147483647;
			files = (
			);
			inputFileListPaths = (
				"${PODS_ROOT}/Target Support Files/Pods-Stumpy/Pods-Stumpy-frameworks-${CONFIGURATION}-input-files.xcfilelist",
			);
			name = "[CP] Embed Pods Frameworks";
			outputFileListPaths = (
				"${PODS_ROOT}/Target Support Files/Pods-Stumpy/Pods-Stumpy-frameworks-${CONFIGURATION}-output-files.xcfilelist",
			);
			runOnlyForDeploymentPostprocessing = 0;
			shellPath = /bin/sh;
			shellScript = "\"${PODS_ROOT}/Target Support Files/Pods-Stumpy/Pods-Stumpy-frameworks.sh\"\n";
			showEnvVarsInLog = 0;
		};
		BF2E2459C9E97BB9E83A0D61 /* [CP] Check Pods Manifest.lock */ = {
			isa = PBXShellScriptBuildPhase;
			buildActionMask = 2147483647;
			files = (
			);
			inputFileListPaths = (
			);
			inputPaths = (
				"${PODS_PODFILE_DIR_PATH}/Podfile.lock",
				"${PODS_ROOT}/Manifest.lock",
			);
			name = "[CP] Check Pods Manifest.lock";
			outputFileListPaths = (
			);
			outputPaths = (
				"$(DERIVED_FILE_DIR)/Pods-Stumpy-checkManifestLockResult.txt",
			);
			runOnlyForDeploymentPostprocessing = 0;
			shellPath = /bin/sh;
			shellScript = "diff \"${PODS_PODFILE_DIR_PATH}/Podfile.lock\" \"${PODS_ROOT}/Manifest.lock\" > /dev/null\nif [ $? != 0 ] ; then\n    # print error to STDERR\n    echo \"error: The sandbox is not in sync with the Podfile.lock. Run 'pod install' or update your CocoaPods installation.\" >&2\n    exit 1\nfi\n# This output is used by Xcode 'outputs' to avoid re-running this script phase.\necho \"SUCCESS\" > \"${SCRIPT_OUTPUT_FILE_0}\"\n";
			showEnvVarsInLog = 0;
		};
/* End PBXShellScriptBuildPhase section */

/* Begin PBXSourcesBuildPhase section */
		7C64343925926BAF00DE1AC8 /* Sources */ = {
			isa = PBXSourcesBuildPhase;
			buildActionMask = 2147483647;
			files = (
				7C64345D2592706F00DE1AC8 /* Binding-OnChange.swift in Sources */,
				7C64344325926BAF00DE1AC8 /* ContentView.swift in Sources */,
				7C64345925926C5500DE1AC8 /* SMTPServer.swift in Sources */,
				7C643462259270CB00DE1AC8 /* Servers.swift in Sources */,
				7C64344125926BAF00DE1AC8 /* AppDelegate.swift in Sources */,
			);
			runOnlyForDeploymentPostprocessing = 0;
		};
/* End PBXSourcesBuildPhase section */

/* Begin PBXVariantGroup section */
		7C64344925926BB000DE1AC8 /* Main.storyboard */ = {
			isa = PBXVariantGroup;
			children = (
				7C64344A25926BB000DE1AC8 /* Base */,
			);
			name = Main.storyboard;
			sourceTree = "<group>";
		};
/* End PBXVariantGroup section */

/* Begin XCBuildConfiguration section */
		7C64344E25926BB000DE1AC8 /* Debug */ = {
			isa = XCBuildConfiguration;
			buildSettings = {
				ALWAYS_SEARCH_USER_PATHS = NO;
				CLANG_ANALYZER_NONNULL = YES;
				CLANG_ANALYZER_NUMBER_OBJECT_CONVERSION = YES_AGGRESSIVE;
				CLANG_CXX_LANGUAGE_STANDARD = "gnu++14";
				CLANG_CXX_LIBRARY = "libc++";
				CLANG_ENABLE_MODULES = YES;
				CLANG_ENABLE_OBJC_ARC = YES;
				CLANG_ENABLE_OBJC_WEAK = YES;
				CLANG_WARN_BLOCK_CAPTURE_AUTORELEASING = YES;
				CLANG_WARN_BOOL_CONVERSION = YES;
				CLANG_WARN_COMMA = YES;
				CLANG_WARN_CONSTANT_CONVERSION = YES;
				CLANG_WARN_DEPRECATED_OBJC_IMPLEMENTATIONS = YES;
				CLANG_WARN_DIRECT_OBJC_ISA_USAGE = YES_ERROR;
				CLANG_WARN_DOCUMENTATION_COMMENTS = YES;
				CLANG_WARN_EMPTY_BODY = YES;
				CLANG_WARN_ENUM_CONVERSION = YES;
				CLANG_WARN_INFINITE_RECURSION = YES;
				CLANG_WARN_INT_CONVERSION = YES;
				CLANG_WARN_NON_LITERAL_NULL_CONVERSION = YES;
				CLANG_WARN_OBJC_IMPLICIT_RETAIN_SELF = YES;
				CLANG_WARN_OBJC_LITERAL_CONVERSION = YES;
				CLANG_WARN_OBJC_ROOT_CLASS = YES_ERROR;
				CLANG_WARN_QUOTED_INCLUDE_IN_FRAMEWORK_HEADER = YES;
				CLANG_WARN_RANGE_LOOP_ANALYSIS = YES;
				CLANG_WARN_STRICT_PROTOTYPES = YES;
				CLANG_WARN_SUSPICIOUS_MOVE = YES;
				CLANG_WARN_UNGUARDED_AVAILABILITY = YES_AGGRESSIVE;
				CLANG_WARN_UNREACHABLE_CODE = YES;
				CLANG_WARN__DUPLICATE_METHOD_MATCH = YES;
				COPY_PHASE_STRIP = NO;
				DEBUG_INFORMATION_FORMAT = dwarf;
				ENABLE_STRICT_OBJC_MSGSEND = YES;
				ENABLE_TESTABILITY = YES;
				GCC_C_LANGUAGE_STANDARD = gnu11;
				GCC_DYNAMIC_NO_PIC = NO;
				GCC_NO_COMMON_BLOCKS = YES;
				GCC_OPTIMIZATION_LEVEL = 0;
				GCC_PREPROCESSOR_DEFINITIONS = (
					"DEBUG=1",
					"$(inherited)",
				);
				GCC_WARN_64_TO_32_BIT_CONVERSION = YES;
				GCC_WARN_ABOUT_RETURN_TYPE = YES_ERROR;
				GCC_WARN_UNDECLARED_SELECTOR = YES;
				GCC_WARN_UNINITIALIZED_AUTOS = YES_AGGRESSIVE;
				GCC_WARN_UNUSED_FUNCTION = YES;
				GCC_WARN_UNUSED_VARIABLE = YES;
				MACOSX_DEPLOYMENT_TARGET = 10.15;
				MTL_ENABLE_DEBUG_INFO = INCLUDE_SOURCE;
				MTL_FAST_MATH = YES;
				ONLY_ACTIVE_ARCH = YES;
				SDKROOT = macosx;
				SWIFT_ACTIVE_COMPILATION_CONDITIONS = DEBUG;
				SWIFT_OPTIMIZATION_LEVEL = "-Onone";
			};
			name = Debug;
		};
		7C64344F25926BB000DE1AC8 /* Release */ = {
			isa = XCBuildConfiguration;
			buildSettings = {
				ALWAYS_SEARCH_USER_PATHS = NO;
				CLANG_ANALYZER_NONNULL = YES;
				CLANG_ANALYZER_NUMBER_OBJECT_CONVERSION = YES_AGGRESSIVE;
				CLANG_CXX_LANGUAGE_STANDARD = "gnu++14";
				CLANG_CXX_LIBRARY = "libc++";
				CLANG_ENABLE_MODULES = YES;
				CLANG_ENABLE_OBJC_ARC = YES;
				CLANG_ENABLE_OBJC_WEAK = YES;
				CLANG_WARN_BLOCK_CAPTURE_AUTORELEASING = YES;
				CLANG_WARN_BOOL_CONVERSION = YES;
				CLANG_WARN_COMMA = YES;
				CLANG_WARN_CONSTANT_CONVERSION = YES;
				CLANG_WARN_DEPRECATED_OBJC_IMPLEMENTATIONS = YES;
				CLANG_WARN_DIRECT_OBJC_ISA_USAGE = YES_ERROR;
				CLANG_WARN_DOCUMENTATION_COMMENTS = YES;
				CLANG_WARN_EMPTY_BODY = YES;
				CLANG_WARN_ENUM_CONVERSION = YES;
				CLANG_WARN_INFINITE_RECURSION = YES;
				CLANG_WARN_INT_CONVERSION = YES;
				CLANG_WARN_NON_LITERAL_NULL_CONVERSION = YES;
				CLANG_WARN_OBJC_IMPLICIT_RETAIN_SELF = YES;
				CLANG_WARN_OBJC_LITERAL_CONVERSION = YES;
				CLANG_WARN_OBJC_ROOT_CLASS = YES_ERROR;
				CLANG_WARN_QUOTED_INCLUDE_IN_FRAMEWORK_HEADER = YES;
				CLANG_WARN_RANGE_LOOP_ANALYSIS = YES;
				CLANG_WARN_STRICT_PROTOTYPES = YES;
				CLANG_WARN_SUSPICIOUS_MOVE = YES;
				CLANG_WARN_UNGUARDED_AVAILABILITY = YES_AGGRESSIVE;
				CLANG_WARN_UNREACHABLE_CODE = YES;
				CLANG_WARN__DUPLICATE_METHOD_MATCH = YES;
				COPY_PHASE_STRIP = NO;
				DEBUG_INFORMATION_FORMAT = "dwarf-with-dsym";
				ENABLE_NS_ASSERTIONS = NO;
				ENABLE_STRICT_OBJC_MSGSEND = YES;
				GCC_C_LANGUAGE_STANDARD = gnu11;
				GCC_NO_COMMON_BLOCKS = YES;
				GCC_WARN_64_TO_32_BIT_CONVERSION = YES;
				GCC_WARN_ABOUT_RETURN_TYPE = YES_ERROR;
				GCC_WARN_UNDECLARED_SELECTOR = YES;
				GCC_WARN_UNINITIALIZED_AUTOS = YES_AGGRESSIVE;
				GCC_WARN_UNUSED_FUNCTION = YES;
				GCC_WARN_UNUSED_VARIABLE = YES;
				MACOSX_DEPLOYMENT_TARGET = 10.15;
				MTL_ENABLE_DEBUG_INFO = NO;
				MTL_FAST_MATH = YES;
				SDKROOT = macosx;
				SWIFT_COMPILATION_MODE = wholemodule;
				SWIFT_OPTIMIZATION_LEVEL = "-O";
			};
			name = Release;
		};
		7C64345125926BB000DE1AC8 /* Debug */ = {
			isa = XCBuildConfiguration;
			baseConfigurationReference = 9279E744073CE98A15A5519A /* Pods-Stumpy.debug.xcconfig */;
			buildSettings = {
				ASSETCATALOG_COMPILER_APPICON_NAME = AppIcon;
				ASSETCATALOG_COMPILER_GLOBAL_ACCENT_COLOR_NAME = AccentColor;
				CODE_SIGN_ENTITLEMENTS = Stumpy/Stumpy.entitlements;
				CODE_SIGN_STYLE = Automatic;
				COMBINE_HIDPI_IMAGES = YES;
				DEVELOPMENT_ASSET_PATHS = "\"Stumpy/Preview Content\"";
				DEVELOPMENT_TEAM = D3DPVGA48J;
				ENABLE_HARDENED_RUNTIME = YES;
				ENABLE_PREVIEWS = YES;
				INFOPLIST_FILE = Stumpy/Info.plist;
				LD_RUNPATH_SEARCH_PATHS = (
					"$(inherited)",
					"@executable_path/../Frameworks",
				);
				MACOSX_DEPLOYMENT_TARGET = 10.15;
				PRODUCT_BUNDLE_IDENTIFIER = com.qbcps.Stumpy;
				PRODUCT_NAME = "$(TARGET_NAME)";
				SWIFT_VERSION = 5.0;
			};
			name = Debug;
		};
		7C64345225926BB000DE1AC8 /* Release */ = {
			isa = XCBuildConfiguration;
			baseConfigurationReference = A3C30BF5BE7A20ED3E54B478 /* Pods-Stumpy.release.xcconfig */;
			buildSettings = {
				ASSETCATALOG_COMPILER_APPICON_NAME = AppIcon;
				ASSETCATALOG_COMPILER_GLOBAL_ACCENT_COLOR_NAME = AccentColor;
				CODE_SIGN_ENTITLEMENTS = Stumpy/Stumpy.entitlements;
				CODE_SIGN_STYLE = Automatic;
				COMBINE_HIDPI_IMAGES = YES;
				DEVELOPMENT_ASSET_PATHS = "\"Stumpy/Preview Content\"";
				DEVELOPMENT_TEAM = D3DPVGA48J;
				ENABLE_HARDENED_RUNTIME = YES;
				ENABLE_PREVIEWS = YES;
				INFOPLIST_FILE = Stumpy/Info.plist;
				LD_RUNPATH_SEARCH_PATHS = (
					"$(inherited)",
					"@executable_path/../Frameworks",
				);
				MACOSX_DEPLOYMENT_TARGET = 10.15;
				PRODUCT_BUNDLE_IDENTIFIER = com.qbcps.Stumpy;
				PRODUCT_NAME = "$(TARGET_NAME)";
				SWIFT_VERSION = 5.0;
			};
			name = Release;
		};
/* End XCBuildConfiguration section */

/* Begin XCConfigurationList section */
		7C64343825926BAF00DE1AC8 /* Build configuration list for PBXProject "Stumpy" */ = {
			isa = XCConfigurationList;
			buildConfigurations = (
				7C64344E25926BB000DE1AC8 /* Debug */,
				7C64344F25926BB000DE1AC8 /* Release */,
			);
			defaultConfigurationIsVisible = 0;
			defaultConfigurationName = Release;
		};
		7C64345025926BB000DE1AC8 /* Build configuration list for PBXNativeTarget "Stumpy" */ = {
			isa = XCConfigurationList;
			buildConfigurations = (
				7C64345125926BB000DE1AC8 /* Debug */,
				7C64345225926BB000DE1AC8 /* Release */,
			);
			defaultConfigurationIsVisible = 0;
			defaultConfigurationName = Release;
		};
/* End XCConfigurationList section */
	};
	rootObject = 7C64343525926BAF00DE1AC8 /* Project object */;
}
